
Microsoft Visual Studio Solution File, Format Version 12.00
# Visual Studio Version 17
VisualStudioVersion = 17.3.32819.101
MinimumVisualStudioVersion = 10.0.40219.1
Project("{FAE04EC0-301F-11D3-BF4B-00C04F79EFBC}") = "Calculadora", "Calculadora\Calculadora.csproj", "{CBE33D33-B291-4B94-841D-1D0F25162703}"
EndProject
Global
	GlobalSection(SolutionConfigurationPlatforms) = preSolution
		Debug|Any CPU = Debug|Any CPU
		Release|Any CPU = Release|Any CPU
	EndGlobalSection
	GlobalSection(ProjectConfigurationPlatforms) = postSolution
		{CBE33D33-B291-4B94-841D-1D0F25162703}.Debug|Any CPU.ActiveCfg = Debug|Any CPU
		{CBE33D33-B291-4B94-841D-1D0F25162703}.Debug|Any CPU.Build.0 = Debug|Any CPU
		{CBE33D33-B291-4B94-841D-1D0F25162703}.Release|Any CPU.ActiveCfg = Release|Any CPU
		{CBE33D33-B291-4B94-841D-1D0F25162703}.Release|Any CPU.Build.0 = Release|Any CPU
	EndGlobalSection
	GlobalSection(SolutionProperties) = preSolution
		HideSolutionNode = FALSE
	EndGlobalSection
	GlobalSection(ExtensibilityGlobals) = postSolution
		SolutionGuid = {6B18D2A5-7D42-47D9-9632-5E1F827F87C5}
	EndGlobalSection
EndGlobal
